
Microsoft Visual Studio Solution File, Format Version 12.00
# Visual Studio 14
VisualStudioVersion = 14.0.22823.1
MinimumVisualStudioVersion = 10.0.40219.1
Project("{FAE04EC0-301F-11D3-BF4B-00C04F79EFBC}") = "Brute", "Brute\Brute.csproj", "{6DC6BAE8-51BB-4B3A-847F-3A12E32052F1}"
EndProject
Project("{FAE04EC0-301F-11D3-BF4B-00C04F79EFBC}") = "Brute.Tests", "Brute.Tests\Brute.Tests.csproj", "{E19F05D7-C065-44B5-A8A3-668A271A837F}"
EndProject
Global
	GlobalSection(SolutionConfigurationPlatforms) = preSolution
		Debug|Any CPU = Debug|Any CPU
		Release|Any CPU = Release|Any CPU
	EndGlobalSection
	GlobalSection(ProjectConfigurationPlatforms) = postSolution
		{6DC6BAE8-51BB-4B3A-847F-3A12E32052F1}.Debug|Any CPU.ActiveCfg = Debug|Any CPU
		{6DC6BAE8-51BB-4B3A-847F-3A12E32052F1}.Debug|Any CPU.Build.0 = Debug|Any CPU
		{6DC6BAE8-51BB-4B3A-847F-3A12E32052F1}.Release|Any CPU.ActiveCfg = Release|Any CPU
		{6DC6BAE8-51BB-4B3A-847F-3A12E32052F1}.Release|Any CPU.Build.0 = Release|Any CPU
		{E19F05D7-C065-44B5-A8A3-668A271A837F}.Debug|Any CPU.ActiveCfg = Debug|Any CPU
		{E19F05D7-C065-44B5-A8A3-668A271A837F}.Debug|Any CPU.Build.0 = Debug|Any CPU
		{E19F05D7-C065-44B5-A8A3-668A271A837F}.Release|Any CPU.ActiveCfg = Release|Any CPU
		{E19F05D7-C065-44B5-A8A3-668A271A837F}.Release|Any CPU.Build.0 = Release|Any CPU
	EndGlobalSection
	GlobalSection(SolutionProperties) = preSolution
		HideSolutionNode = FALSE
	EndGlobalSection
EndGlobal
